// !$*UTF8*$!
{
	archiveVersion = 1;
	classes = {
	};
	objectVersion = 46;
	objects = {

/* Begin PBXBuildFile section */
		842D3F681AD6878A00B60DC6 /* Images.xcassets in Resources */ = {isa = PBXBuildFile; fileRef = 842D3F671AD6878A00B60DC6 /* Images.xcassets */; };
		842D3F721AD68E2E00B60DC6 /* 58x58.png in Resources */ = {isa = PBXBuildFile; fileRef = 842D3F6E1AD68E2E00B60DC6 /* 58x58.png */; };
		8431F7B91ADBE2360094DE60 /* news_stand.png in Resources */ = {isa = PBXBuildFile; fileRef = 8431F7B61ADBE2360094DE60 /* news_stand.png */; };
		8431F7BA1ADBE2360094DE60 /* RBOff.png in Resources */ = {isa = PBXBuildFile; fileRef = 8431F7B71ADBE2360094DE60 /* RBOff.png */; };
		8431F7BB1ADBE2360094DE60 /* RBOn.png in Resources */ = {isa = PBXBuildFile; fileRef = 8431F7B81ADBE2360094DE60 /* RBOn.png */; };
		848D6A441AC02A58001BD196 /* mymagback.jpg in Resources */ = {isa = PBXBuildFile; fileRef = 848D6A431AC02A58001BD196 /* mymagback.jpg */; };
		84A7AD121AB9AD4B00CE5B24 /* UIKit.framework in Frameworks */ = {isa = PBXBuildFile; fileRef = 84A7AD111AB9AD4B00CE5B24 /* UIKit.framework */; };
		84A7AD141AB9AD4B00CE5B24 /* Foundation.framework in Frameworks */ = {isa = PBXBuildFile; fileRef = 84A7AD131AB9AD4B00CE5B24 /* Foundation.framework */; };
		84A7AD161AB9AD4B00CE5B24 /* CoreGraphics.framework in Frameworks */ = {isa = PBXBuildFile; fileRef = 84A7AD151AB9AD4B00CE5B24 /* CoreGraphics.framework */; };
		84A7AD1C1AB9AD4B00CE5B24 /* InfoPlist.strings in Resources */ = {isa = PBXBuildFile; fileRef = 84A7AD1A1AB9AD4B00CE5B24 /* InfoPlist.strings */; };
		84A7AD1E1AB9AD4B00CE5B24 /* main.m in Sources */ = {isa = PBXBuildFile; fileRef = 84A7AD1D1AB9AD4B00CE5B24 /* main.m */; };
		84A7AD251AB9AD4B00CE5B24 /* PMLRootViewController.m in Sources */ = {isa = PBXBuildFile; fileRef = 84A7AD241AB9AD4B00CE5B24 /* PMLRootViewController.m */; };
		84A7AD281AB9AD4B00CE5B24 /* PMLDataViewController.m in Sources */ = {isa = PBXBuildFile; fileRef = 84A7AD271AB9AD4B00CE5B24 /* PMLDataViewController.m */; };
		84A7AD2B1AB9AD4B00CE5B24 /* PMLModelController.m in Sources */ = {isa = PBXBuildFile; fileRef = 84A7AD2A1AB9AD4B00CE5B24 /* PMLModelController.m */; };
		84A7AD2E1AB9AD4B00CE5B24 /* MainStoryboard_iPhone.storyboard in Resources */ = {isa = PBXBuildFile; fileRef = 84A7AD2C1AB9AD4B00CE5B24 /* MainStoryboard_iPhone.storyboard */; };
		84A7AD311AB9AD4B00CE5B24 /* MainStoryboard_iPad.storyboard in Resources */ = {isa = PBXBuildFile; fileRef = 84A7AD2F1AB9AD4B00CE5B24 /* MainStoryboard_iPad.storyboard */; };
		84A7AD461AB9B88A00CE5B24 /* HomeViewController.m in Sources */ = {isa = PBXBuildFile; fileRef = 84A7AD451AB9B88A00CE5B24 /* HomeViewController.m */; };
		84D380351ACD0CFA00E39AED /* stand_bg1.jpg in Resources */ = {isa = PBXBuildFile; fileRef = 84D380341ACD0CFA00E39AED /* stand_bg1.jpg */; };
		84D3803D1ACD56EF00E39AED /* PMLAppDelegate.m in Sources */ = {isa = PBXBuildFile; fileRef = 84D3803C1ACD56EF00E39AED /* PMLAppDelegate.m */; };
/* End PBXBuildFile section */

/* Begin PBXFileReference section */
		842D3F671AD6878A00B60DC6 /* Images.xcassets */ = {isa = PBXFileReference; lastKnownFileType = folder.assetcatalog; path = Images.xcassets; sourceTree = "<group>"; };
		842D3F6E1AD68E2E00B60DC6 /* 58x58.png */ = {isa = PBXFileReference; lastKnownFileType = image.png; name = 58x58.png; path = ../58x58.png; sourceTree = "<group>"; };
		8431F7B61ADBE2360094DE60 /* news_stand.png */ = {isa = PBXFileReference; lastKnownFileType = image.png; path = news_stand.png; sourceTree = "<group>"; };
		8431F7B71ADBE2360094DE60 /* RBOff.png */ = {isa = PBXFileReference; lastKnownFileType = image.png; path = RBOff.png; sourceTree = "<group>"; };
		8431F7B81ADBE2360094DE60 /* RBOn.png */ = {isa = PBXFileReference; lastKnownFileType = image.png; path = RBOn.png; sourceTree = "<group>"; };
		848CAC531AC2C58500AC87AD /* stand_bg.jpg */ = {isa = PBXFileReference; lastKnownFileType = image.jpeg; path = stand_bg.jpg; sourceTree = "<group>"; };
		848D6A431AC02A58001BD196 /* mymagback.jpg */ = {isa = PBXFileReference; lastKnownFileType = image.jpeg; path = mymagback.jpg; sourceTree = "<group>"; };
		84A7AD0D1AB9AD4B00CE5B24 /* SakshiPaper.app */ = {isa = PBXFileReference; explicitFileType = wrapper.application; includeInIndex = 0; path = SakshiPaper.app; sourceTree = BUILT_PRODUCTS_DIR; };
		84A7AD111AB9AD4B00CE5B24 /* UIKit.framework */ = {isa = PBXFileReference; lastKnownFileType = wrapper.framework; name = UIKit.framework; path = System/Library/Frameworks/UIKit.framework; sourceTree = SDKROOT; };
		84A7AD131AB9AD4B00CE5B24 /* Foundation.framework */ = {isa = PBXFileReference; lastKnownFileType = wrapper.framework; name = Foundation.framework; path = System/Library/Frameworks/Foundation.framework; sourceTree = SDKROOT; };
		84A7AD151AB9AD4B00CE5B24 /* CoreGraphics.framework */ = {isa = PBXFileReference; lastKnownFileType = wrapper.framework; name = CoreGraphics.framework; path = System/Library/Frameworks/CoreGraphics.framework; sourceTree = SDKROOT; };
		84A7AD191AB9AD4B00CE5B24 /* SakshiPaper-Info.plist */ = {isa = PBXFileReference; lastKnownFileType = text.plist.xml; path = "SakshiPaper-Info.plist"; sourceTree = "<group>"; };
		84A7AD1B1AB9AD4B00CE5B24 /* en */ = {isa = PBXFileReference; lastKnownFileType = text.plist.strings; name = en; path = en.lproj/InfoPlist.strings; sourceTree = "<group>"; };
		84A7AD1D1AB9AD4B00CE5B24 /* main.m */ = {isa = PBXFileReference; lastKnownFileType = sourcecode.c.objc; path = main.m; sourceTree = "<group>"; };
		84A7AD1F1AB9AD4B00CE5B24 /* SakshiPaper-Prefix.pch */ = {isa = PBXFileReference; lastKnownFileType = sourcecode.c.h; path = "SakshiPaper-Prefix.pch"; sourceTree = "<group>"; };
		84A7AD201AB9AD4B00CE5B24 /* PMLAppDelegate.h */ = {isa = PBXFileReference; lastKnownFileType = sourcecode.c.h; path = PMLAppDelegate.h; sourceTree = "<group>"; };
		84A7AD211AB9AD4B00CE5B24 /* PMLAppDelegate.m */ = {isa = PBXFileReference; lastKnownFileType = sourcecode.c.objc; path = PMLAppDelegate.m; sourceTree = "<group>"; };
		84A7AD231AB9AD4B00CE5B24 /* PMLRootViewController.h */ = {isa = PBXFileReference; lastKnownFileType = sourcecode.c.h; path = PMLRootViewController.h; sourceTree = "<group>"; };
		84A7AD241AB9AD4B00CE5B24 /* PMLRootViewController.m */ = {isa = PBXFileReference; lastKnownFileType = sourcecode.c.objc; path = PMLRootViewController.m; sourceTree = "<group>"; };
		84A7AD261AB9AD4B00CE5B24 /* PMLDataViewController.h */ = {isa = PBXFileReference; lastKnownFileType = sourcecode.c.h; path = PMLDataViewController.h; sourceTree = "<group>"; };
		84A7AD271AB9AD4B00CE5B24 /* PMLDataViewController.m */ = {isa = PBXFileReference; lastKnownFileType = sourcecode.c.objc; path = PMLDataViewController.m; sourceTree = "<group>"; };
		84A7AD291AB9AD4B00CE5B24 /* PMLModelController.h */ = {isa = PBXFileReference; lastKnownFileType = sourcecode.c.h; path = PMLModelController.h; sourceTree = "<group>"; };
		84A7AD2A1AB9AD4B00CE5B24 /* PMLModelController.m */ = {isa = PBXFileReference; lastKnownFileType = sourcecode.c.objc; path = PMLModelController.m; sourceTree = "<group>"; };
		84A7AD2D1AB9AD4B00CE5B24 /* en */ = {isa = PBXFileReference; lastKnownFileType = file.storyboard; name = en; path = en.lproj/MainStoryboard_iPhone.storyboard; sourceTree = "<group>"; };
		84A7AD301AB9AD4B00CE5B24 /* en */ = {isa = PBXFileReference; lastKnownFileType = file.storyboard; name = en; path = en.lproj/MainStoryboard_iPad.storyboard; sourceTree = "<group>"; };
		84A7AD441AB9B88A00CE5B24 /* HomeViewController.h */ = {isa = PBXFileReference; fileEncoding = 4; lastKnownFileType = sourcecode.c.h; path = HomeViewController.h; sourceTree = "<group>"; };
		84A7AD451AB9B88A00CE5B24 /* HomeViewController.m */ = {isa = PBXFileReference; fileEncoding = 4; lastKnownFileType = sourcecode.c.objc; path = HomeViewController.m; sourceTree = "<group>"; };
		84D380341ACD0CFA00E39AED /* stand_bg1.jpg */ = {isa = PBXFileReference; lastKnownFileType = image.jpeg; path = stand_bg1.jpg; sourceTree = "<group>"; };
		84D3803C1ACD56EF00E39AED /* PMLAppDelegate.m */ = {isa = PBXFileReference; fileEncoding = 4; lastKnownFileType = sourcecode.c.objc; path = PMLAppDelegate.m; sourceTree = "<group>"; };
		84D784C41ACC2442005578C2 /* index.jpg */ = {isa = PBXFileReference; lastKnownFileType = image.jpeg; path = index.jpg; sourceTree = "<group>"; };
/* End PBXFileReference section */

/* Begin PBXFrameworksBuildPhase section */
		84A7AD0A1AB9AD4B00CE5B24 /* Frameworks */ = {
			isa = PBXFrameworksBuildPhase;
			buildActionMask = 2147483647;
			files = (
				84A7AD121AB9AD4B00CE5B24 /* UIKit.framework in Frameworks */,
				84A7AD141AB9AD4B00CE5B24 /* Foundation.framework in Frameworks */,
				84A7AD161AB9AD4B00CE5B24 /* CoreGraphics.framework in Frameworks */,
			);
			runOnlyForDeploymentPostprocessing = 0;
		};
/* End PBXFrameworksBuildPhase section */

/* Begin PBXGroup section */
		84A7AD021AB9AD4A00CE5B24 = {
			isa = PBXGroup;
			children = (
				84A7AD171AB9AD4B00CE5B24 /* SakshiPaper */,
				84A7AD101AB9AD4B00CE5B24 /* Frameworks */,
				84A7AD0E1AB9AD4B00CE5B24 /* Products */,
			);
			sourceTree = "<group>";
		};
		84A7AD0E1AB9AD4B00CE5B24 /* Products */ = {
			isa = PBXGroup;
			children = (
				84A7AD0D1AB9AD4B00CE5B24 /* SakshiPaper.app */,
			);
			name = Products;
			sourceTree = "<group>";
		};
		84A7AD101AB9AD4B00CE5B24 /* Frameworks */ = {
			isa = PBXGroup;
			children = (
				84A7AD111AB9AD4B00CE5B24 /* UIKit.framework */,
				84A7AD131AB9AD4B00CE5B24 /* Foundation.framework */,
				84A7AD151AB9AD4B00CE5B24 /* CoreGraphics.framework */,
			);
			name = Frameworks;
			sourceTree = "<group>";
		};
		84A7AD171AB9AD4B00CE5B24 /* SakshiPaper */ = {
			isa = PBXGroup;
			children = (
				84D3803C1ACD56EF00E39AED /* PMLAppDelegate.m */,
				84A7AD3F1AB9B71A00CE5B24 /* Images */,
				84A7AD201AB9AD4B00CE5B24 /* PMLAppDelegate.h */,
				84A7AD231AB9AD4B00CE5B24 /* PMLRootViewController.h */,
				84A7AD241AB9AD4B00CE5B24 /* PMLRootViewController.m */,
				84A7AD261AB9AD4B00CE5B24 /* PMLDataViewController.h */,
				84A7AD271AB9AD4B00CE5B24 /* PMLDataViewController.m */,
				84A7AD291AB9AD4B00CE5B24 /* PMLModelController.h */,
				84A7AD2A1AB9AD4B00CE5B24 /* PMLModelController.m */,
				84A7AD441AB9B88A00CE5B24 /* HomeViewController.h */,
				84A7AD451AB9B88A00CE5B24 /* HomeViewController.m */,
				84A7AD2C1AB9AD4B00CE5B24 /* MainStoryboard_iPhone.storyboard */,
				84A7AD2F1AB9AD4B00CE5B24 /* MainStoryboard_iPad.storyboard */,
				842D3F671AD6878A00B60DC6 /* Images.xcassets */,
				842D3F6E1AD68E2E00B60DC6 /* 58x58.png */,
				84A7AD181AB9AD4B00CE5B24 /* Supporting Files */,
			);
			path = SakshiPaper;
			sourceTree = "<group>";
		};
		84A7AD181AB9AD4B00CE5B24 /* Supporting Files */ = {
			isa = PBXGroup;
			children = (
				84A7AD191AB9AD4B00CE5B24 /* SakshiPaper-Info.plist */,
				84A7AD1A1AB9AD4B00CE5B24 /* InfoPlist.strings */,
				84A7AD1D1AB9AD4B00CE5B24 /* main.m */,
				84A7AD1F1AB9AD4B00CE5B24 /* SakshiPaper-Prefix.pch */,
			);
			name = "Supporting Files";
			sourceTree = "<group>";
		};
		84A7AD3F1AB9B71A00CE5B24 /* Images */ = {
			isa = PBXGroup;
			children = (
				84D380341ACD0CFA00E39AED /* stand_bg1.jpg */,
				8431F7B61ADBE2360094DE60 /* news_stand.png */,
				8431F7B71ADBE2360094DE60 /* RBOff.png */,
				8431F7B81ADBE2360094DE60 /* RBOn.png */,
				848CAC531AC2C58500AC87AD /* stand_bg.jpg */,
				848D6A431AC02A58001BD196 /* mymagback.jpg */,
				84D784C41ACC2442005578C2 /* index.jpg */,
				84A7AD211AB9AD4B00CE5B24 /* PMLAppDelegate.m */,
			);
			name = Images;
			sourceTree = "<group>";
		};
/* End PBXGroup section */

/* Begin PBXNativeTarget section */
		84A7AD0C1AB9AD4B00CE5B24 /* SakshiPaper */ = {
			isa = PBXNativeTarget;
			buildConfigurationList = 84A7AD341AB9AD4B00CE5B24 /* Build configuration list for PBXNativeTarget "SakshiPaper" */;
			buildPhases = (
				84A7AD091AB9AD4B00CE5B24 /* Sources */,
				84A7AD0A1AB9AD4B00CE5B24 /* Frameworks */,
				84A7AD0B1AB9AD4B00CE5B24 /* Resources */,
			);
			buildRules = (
			);
			dependencies = (
			);
			name = SakshiPaper;
			productName = SakshiPaper;
			productReference = 84A7AD0D1AB9AD4B00CE5B24 /* SakshiPaper.app */;
			productType = "com.apple.product-type.application";
		};
/* End PBXNativeTarget section */

/* Begin PBXProject section */
		84A7AD041AB9AD4A00CE5B24 /* Project object */ = {
			isa = PBXProject;
			attributes = {
				LastUpgradeCheck = 0420;
				TargetAttributes = {
					84A7AD0C1AB9AD4B00CE5B24 = {
						DevelopmentTeam = AC3755TN6X;
					};
				};
			};
			buildConfigurationList = 84A7AD071AB9AD4A00CE5B24 /* Build configuration list for PBXProject "SakshiPaper" */;
			compatibilityVersion = "Xcode 3.2";
			developmentRegion = English;
			hasScannedForEncodings = 0;
			knownRegions = (
				en,
			);
			mainGroup = 84A7AD021AB9AD4A00CE5B24;
			productRefGroup = 84A7AD0E1AB9AD4B00CE5B24 /* Products */;
			projectDirPath = "";
			projectRoot = "";
			targets = (
				84A7AD0C1AB9AD4B00CE5B24 /* SakshiPaper */,
			);
		};
/* End PBXProject section */

/* Begin PBXResourcesBuildPhase section */
		84A7AD0B1AB9AD4B00CE5B24 /* Resources */ = {
			isa = PBXResourcesBuildPhase;
			buildActionMask = 2147483647;
			files = (
				84A7AD1C1AB9AD4B00CE5B24 /* InfoPlist.strings in Resources */,
				842D3F681AD6878A00B60DC6 /* Images.xcassets in Resources */,
				8431F7BB1ADBE2360094DE60 /* RBOn.png in Resources */,
				84A7AD2E1AB9AD4B00CE5B24 /* MainStoryboard_iPhone.storyboard in Resources */,
				84A7AD311AB9AD4B00CE5B24 /* MainStoryboard_iPad.storyboard in Resources */,
				848D6A441AC02A58001BD196 /* mymagback.jpg in Resources */,
				842D3F721AD68E2E00B60DC6 /* 58x58.png in Resources */,
				8431F7BA1ADBE2360094DE60 /* RBOff.png in Resources */,
				84D380351ACD0CFA00E39AED /* stand_bg1.jpg in Resources */,
				8431F7B91ADBE2360094DE60 /* news_stand.png in Resources */,
			);
			runOnlyForDeploymentPostprocessing = 0;
		};
/* End PBXResourcesBuildPhase section */

/* Begin PBXSourcesBuildPhase section */
		84A7AD091AB9AD4B00CE5B24 /* Sources */ = {
			isa = PBXSourcesBuildPhase;
			buildActionMask = 2147483647;
			files = (
				84A7AD1E1AB9AD4B00CE5B24 /* main.m in Sources */,
				84A7AD251AB9AD4B00CE5B24 /* PMLRootViewController.m in Sources */,
				84A7AD281AB9AD4B00CE5B24 /* PMLDataViewController.m in Sources */,
				84A7AD2B1AB9AD4B00CE5B24 /* PMLModelController.m in Sources */,
				84A7AD461AB9B88A00CE5B24 /* HomeViewController.m in Sources */,
				84D3803D1ACD56EF00E39AED /* PMLAppDelegate.m in Sources */,
			);
			runOnlyForDeploymentPostprocessing = 0;
		};
/* End PBXSourcesBuildPhase section */

/* Begin PBXVariantGroup section */
		84A7AD1A1AB9AD4B00CE5B24 /* InfoPlist.strings */ = {
			isa = PBXVariantGroup;
			children = (
				84A7AD1B1AB9AD4B00CE5B24 /* en */,
			);
			name = InfoPlist.strings;
			sourceTree = "<group>";
		};
		84A7AD2C1AB9AD4B00CE5B24 /* MainStoryboard_iPhone.storyboard */ = {
			isa = PBXVariantGroup;
			children = (
				84A7AD2D1AB9AD4B00CE5B24 /* en */,
			);
			name = MainStoryboard_iPhone.storyboard;
			sourceTree = "<group>";
		};
		84A7AD2F1AB9AD4B00CE5B24 /* MainStoryboard_iPad.storyboard */ = {
			isa = PBXVariantGroup;
			children = (
				84A7AD301AB9AD4B00CE5B24 /* en */,
			);
			name = MainStoryboard_iPad.storyboard;
			sourceTree = "<group>";
		};
/* End PBXVariantGroup section */

/* Begin XCBuildConfiguration section */
		84A7AD321AB9AD4B00CE5B24 /* Debug */ = {
			isa = XCBuildConfiguration;
			buildSettings = {
				ALWAYS_SEARCH_USER_PATHS = NO;
				ARCHS = "$(ARCHS_STANDARD_32_BIT)";
				ASSETCATALOG_COMPILER_APPICON_NAME = AppIcon;
				CLANG_ENABLE_OBJC_ARC = YES;
				CODE_SIGN_IDENTITY = "iPhone Distribution: Kishore A Pandarinath (AC3755TN6X)";
				"CODE_SIGN_IDENTITY[sdk=iphoneos*]" = "iPhone Distribution: Kishore A Pandarinath (AC3755TN6X)";
				COPY_PHASE_STRIP = NO;
				GCC_C_LANGUAGE_STANDARD = gnu99;
				GCC_DYNAMIC_NO_PIC = NO;
				GCC_OPTIMIZATION_LEVEL = 0;
				GCC_PREPROCESSOR_DEFINITIONS = (
					"DEBUG=1",
					"$(inherited)",
				);
				GCC_SYMBOLS_PRIVATE_EXTERN = NO;
				GCC_VERSION = com.apple.compilers.llvm.clang.1_0;
				GCC_WARN_ABOUT_MISSING_PROTOTYPES = YES;
				GCC_WARN_ABOUT_RETURN_TYPE = YES;
				GCC_WARN_UNUSED_VARIABLE = YES;
				IPHONEOS_DEPLOYMENT_TARGET = 8.1;
				PROVISIONING_PROFILE = "123030ea-fc06-4d5d-9a43-02fd7943a5cd";
				SDKROOT = iphoneos8.1;
				TARGETED_DEVICE_FAMILY = "1,2";
			};
			name = Debug;
		};
		84A7AD331AB9AD4B00CE5B24 /* Release */ = {
			isa = XCBuildConfiguration;
			buildSettings = {
				ALWAYS_SEARCH_USER_PATHS = NO;
				ARCHS = "$(ARCHS_STANDARD_32_BIT)";
				ASSETCATALOG_COMPILER_APPICON_NAME = AppIcon;
				CLANG_ENABLE_OBJC_ARC = YES;
				CODE_SIGN_IDENTITY = "iPhone Distribution: Kishore A Pandarinath (AC3755TN6X)";
				"CODE_SIGN_IDENTITY[sdk=iphoneos*]" = "iPhone Distribution: Kishore A Pandarinath (AC3755TN6X)";
				COPY_PHASE_STRIP = YES;
				GCC_C_LANGUAGE_STANDARD = gnu99;
				GCC_VERSION = com.apple.compilers.llvm.clang.1_0;
				GCC_WARN_ABOUT_MISSING_PROTOTYPES = YES;
				GCC_WARN_ABOUT_RETURN_TYPE = YES;
				GCC_WARN_UNUSED_VARIABLE = YES;
				IPHONEOS_DEPLOYMENT_TARGET = 8.1;
				OTHER_CFLAGS = "-DNS_BLOCK_ASSERTIONS=1";
				PROVISIONING_PROFILE = "123030ea-fc06-4d5d-9a43-02fd7943a5cd";
				SDKROOT = iphoneos8.1;
				TARGETED_DEVICE_FAMILY = "1,2";
				VALIDATE_PRODUCT = YES;
			};
			name = Release;
		};
		84A7AD351AB9AD4B00CE5B24 /* Debug */ = {
			isa = XCBuildConfiguration;
			buildSettings = {
				CODE_SIGN_IDENTITY = "iPhone Developer";
				"CODE_SIGN_IDENTITY[sdk=iphoneos*]" = "iPhone Distribution: Kishore A Pandarinath (AC3755TN6X)";
				GCC_PRECOMPILE_PREFIX_HEADER = YES;
				GCC_PREFIX_HEADER = "SakshiPaper/SakshiPaper-Prefix.pch";
				INFOPLIST_FILE = "SakshiPaper/SakshiPaper-Info.plist";
				IPHONEOS_DEPLOYMENT_TARGET = 8.3;
				PRODUCT_NAME = "$(TARGET_NAME)";
				PROVISIONING_PROFILE = "123030ea-fc06-4d5d-9a43-02fd7943a5cd";
				TARGETED_DEVICE_FAMILY = "1,2";
				WRAPPER_EXTENSION = app;
			};
			name = Debug;
		};
		84A7AD361AB9AD4B00CE5B24 /* Release */ = {
			isa = XCBuildConfiguration;
			buildSettings = {
				CODE_SIGN_IDENTITY = "iPhone Developer";
				"CODE_SIGN_IDENTITY[sdk=iphoneos*]" = "iPhone Distribution: Kishore A Pandarinath (AC3755TN6X)";
				GCC_PRECOMPILE_PREFIX_HEADER = YES;
				GCC_PREFIX_HEADER = "SakshiPaper/SakshiPaper-Prefix.pch";
				INFOPLIST_FILE = "SakshiPaper/SakshiPaper-Info.plist";
				IPHONEOS_DEPLOYMENT_TARGET = 8.3;
				PRODUCT_NAME = "$(TARGET_NAME)";
				PROVISIONING_PROFILE = "123030ea-fc06-4d5d-9a43-02fd7943a5cd";
				TARGETED_DEVICE_FAMILY = "1,2";
				WRAPPER_EXTENSION = app;
			};
			name = Release;
		};
/* End XCBuildConfiguration section */

/* Begin XCConfigurationList section */
		84A7AD071AB9AD4A00CE5B24 /* Build configuration list for PBXProject "SakshiPaper" */ = {
			isa = XCConfigurationList;
			buildConfigurations = (
				84A7AD321AB9AD4B00CE5B24 /* Debug */,
				84A7AD331AB9AD4B00CE5B24 /* Release */,
			);
			defaultConfigurationIsVisible = 0;
			defaultConfigurationName = Release;
		};
		84A7AD341AB9AD4B00CE5B24 /* Build configuration list for PBXNativeTarget "SakshiPaper" */ = {
			isa = XCConfigurationList;
			buildConfigurations = (
				84A7AD351AB9AD4B00CE5B24 /* Debug */,
				84A7AD361AB9AD4B00CE5B24 /* Release */,
			);
			defaultConfigurationIsVisible = 0;
			defaultConfigurationName = Release;
		};
/* End XCConfigurationList section */
	};
	rootObject = 84A7AD041AB9AD4A00CE5B24 /* Project object */;
}
